
Microsoft Visual Studio Solution File, Format Version 12.00
# Visual Studio Version 17
VisualStudioVersion = 17.10.35027.167
MinimumVisualStudioVersion = 10.0.40219.1
Project("{FAE04EC0-301F-11D3-BF4B-00C04F79EFBC}") = "AdventOfCode", "AdventOfCode.csproj", "{77BDAFA5-8515-4534-A179-09357D138D82}"
EndProject
Global
	GlobalSection(SolutionConfigurationPlatforms) = preSolution
		Debug|Any CPU = Debug|Any CPU
		Release|Any CPU = Release|Any CPU
	EndGlobalSection
	GlobalSection(ProjectConfigurationPlatforms) = postSolution
		{77BDAFA5-8515-4534-A179-09357D138D82}.Debug|Any CPU.ActiveCfg = Debug|Any CPU
		{77BDAFA5-8515-4534-A179-09357D138D82}.Debug|Any CPU.Build.0 = Debug|Any CPU
		{77BDAFA5-8515-4534-A179-09357D138D82}.Release|Any CPU.ActiveCfg = Release|Any CPU
		{77BDAFA5-8515-4534-A179-09357D138D82}.Release|Any CPU.Build.0 = Release|Any CPU
	EndGlobalSection
	GlobalSection(SolutionProperties) = preSolution
		HideSolutionNode = FALSE
	EndGlobalSection
	GlobalSection(ExtensibilityGlobals) = postSolution
		SolutionGuid = {7F31CE24-7593-419B-8A07-7D4D1AB27F25}
	EndGlobalSection
EndGlobal
